
Microsoft Visual Studio Solution File, Format Version 12.00
# Visual Studio 15
VisualStudioVersion = 15.0.27703.2035
MinimumVisualStudioVersion = 10.0.40219.1
Project("{FAE04EC0-301F-11D3-BF4B-00C04F79EFBC}") = "water_problem", "water_problem\water_problem.csproj", "{BFEAC364-90B7-4EE1-9D70-1E27D737F496}"
EndProject
Global
	GlobalSection(SolutionConfigurationPlatforms) = preSolution
		Debug|Any CPU = Debug|Any CPU
		Release|Any CPU = Release|Any CPU
	EndGlobalSection
	GlobalSection(ProjectConfigurationPlatforms) = postSolution
		{BFEAC364-90B7-4EE1-9D70-1E27D737F496}.Debug|Any CPU.ActiveCfg = Debug|Any CPU
		{BFEAC364-90B7-4EE1-9D70-1E27D737F496}.Debug|Any CPU.Build.0 = Debug|Any CPU
		{BFEAC364-90B7-4EE1-9D70-1E27D737F496}.Release|Any CPU.ActiveCfg = Release|Any CPU
		{BFEAC364-90B7-4EE1-9D70-1E27D737F496}.Release|Any CPU.Build.0 = Release|Any CPU
	EndGlobalSection
	GlobalSection(SolutionProperties) = preSolution
		HideSolutionNode = FALSE
	EndGlobalSection
	GlobalSection(ExtensibilityGlobals) = postSolution
		SolutionGuid = {51ABE081-17FC-41C3-9C1A-715D10399545}
	EndGlobalSection
EndGlobal
